
Microsoft Visual Studio Solution File, Format Version 12.00
# Visual Studio 2012
Project("{FAE04EC0-301F-11D3-BF4B-00C04F79EFBC}") = "TootFMApp", "TootFMApp.csproj", "{DC6CE8A9-C912-4122-BB8E-43BC07C45DD8}"
EndProject
Project("{FAE04EC0-301F-11D3-BF4B-00C04F79EFBC}") = "Posmotrim.TootFM.Adapters", "Posmotrim.TootFM.Adapters\Posmotrim.TootFM.Adapters.csproj", "{1496849A-0A4B-45A3-8B1E-959346C434AF}"
EndProject
Project("{FAE04EC0-301F-11D3-BF4B-00C04F79EFBC}") = "Posmotrim.TootFM.Common", "..\Posmotrim.TootFM.Common\Posmotrim.TootFM.Common.csproj", "{120818C7-5A08-4A99-AB5F-1203B61149F5}"
EndProject
Project("{FAE04EC0-301F-11D3-BF4B-00C04F79EFBC}") = "Posmotrim.Phone.Adapters", "..\Posmotrim.Phone.Adapters\Posmotrim.Phone.Adapters.csproj", "{7DE6C4A6-451E-4E96-B1E2-1D85DB6DBABC}"
EndProject
Project("{FAE04EC0-301F-11D3-BF4B-00C04F79EFBC}") = "Posmotrim.TootFM.Services", "Posmotrim.TootFM.Services\Posmotrim.TootFM.Services.csproj", "{92E2D1CE-F2A2-4722-ADAD-657BC497D582}"
EndProject
Project("{FAE04EC0-301F-11D3-BF4B-00C04F79EFBC}") = "TootFM.Agent", "..\TootFM.Agent\TootFM.Agent.csproj", "{E4960AD4-5909-4418-9583-612EC61B6AD9}"
EndProject
Global
	GlobalSection(SolutionConfigurationPlatforms) = preSolution
		Debug|Any CPU = Debug|Any CPU
		Debug|ARM = Debug|ARM
		Debug|x86 = Debug|x86
		Release|Any CPU = Release|Any CPU
		Release|ARM = Release|ARM
		Release|x86 = Release|x86
	EndGlobalSection
	GlobalSection(ProjectConfigurationPlatforms) = postSolution
		{DC6CE8A9-C912-4122-BB8E-43BC07C45DD8}.Debug|Any CPU.ActiveCfg = Debug|Any CPU
		{DC6CE8A9-C912-4122-BB8E-43BC07C45DD8}.Debug|Any CPU.Build.0 = Debug|Any CPU
		{DC6CE8A9-C912-4122-BB8E-43BC07C45DD8}.Debug|Any CPU.Deploy.0 = Debug|Any CPU
		{DC6CE8A9-C912-4122-BB8E-43BC07C45DD8}.Debug|ARM.ActiveCfg = Debug|ARM
		{DC6CE8A9-C912-4122-BB8E-43BC07C45DD8}.Debug|ARM.Build.0 = Debug|ARM
		{DC6CE8A9-C912-4122-BB8E-43BC07C45DD8}.Debug|ARM.Deploy.0 = Debug|ARM
		{DC6CE8A9-C912-4122-BB8E-43BC07C45DD8}.Debug|x86.ActiveCfg = Debug|x86
		{DC6CE8A9-C912-4122-BB8E-43BC07C45DD8}.Debug|x86.Build.0 = Debug|x86
		{DC6CE8A9-C912-4122-BB8E-43BC07C45DD8}.Debug|x86.Deploy.0 = Debug|x86
		{DC6CE8A9-C912-4122-BB8E-43BC07C45DD8}.Release|Any CPU.ActiveCfg = Release|Any CPU
		{DC6CE8A9-C912-4122-BB8E-43BC07C45DD8}.Release|Any CPU.Build.0 = Release|Any CPU
		{DC6CE8A9-C912-4122-BB8E-43BC07C45DD8}.Release|Any CPU.Deploy.0 = Release|Any CPU
		{DC6CE8A9-C912-4122-BB8E-43BC07C45DD8}.Release|ARM.ActiveCfg = Release|ARM
		{DC6CE8A9-C912-4122-BB8E-43BC07C45DD8}.Release|ARM.Build.0 = Release|ARM
		{DC6CE8A9-C912-4122-BB8E-43BC07C45DD8}.Release|ARM.Deploy.0 = Release|ARM
		{DC6CE8A9-C912-4122-BB8E-43BC07C45DD8}.Release|x86.ActiveCfg = Release|x86
		{DC6CE8A9-C912-4122-BB8E-43BC07C45DD8}.Release|x86.Build.0 = Release|x86
		{DC6CE8A9-C912-4122-BB8E-43BC07C45DD8}.Release|x86.Deploy.0 = Release|x86
		{1496849A-0A4B-45A3-8B1E-959346C434AF}.Debug|Any CPU.ActiveCfg = Debug|Any CPU
		{1496849A-0A4B-45A3-8B1E-959346C434AF}.Debug|Any CPU.Build.0 = Debug|Any CPU
		{1496849A-0A4B-45A3-8B1E-959346C434AF}.Debug|ARM.ActiveCfg = Debug|ARM
		{1496849A-0A4B-45A3-8B1E-959346C434AF}.Debug|ARM.Build.0 = Debug|ARM
		{1496849A-0A4B-45A3-8B1E-959346C434AF}.Debug|x86.ActiveCfg = Debug|x86
		{1496849A-0A4B-45A3-8B1E-959346C434AF}.Debug|x86.Build.0 = Debug|x86
		{1496849A-0A4B-45A3-8B1E-959346C434AF}.Release|Any CPU.ActiveCfg = Release|Any CPU
		{1496849A-0A4B-45A3-8B1E-959346C434AF}.Release|Any CPU.Build.0 = Release|Any CPU
		{1496849A-0A4B-45A3-8B1E-959346C434AF}.Release|ARM.ActiveCfg = Release|ARM
		{1496849A-0A4B-45A3-8B1E-959346C434AF}.Release|ARM.Build.0 = Release|ARM
		{1496849A-0A4B-45A3-8B1E-959346C434AF}.Release|x86.ActiveCfg = Release|x86
		{1496849A-0A4B-45A3-8B1E-959346C434AF}.Release|x86.Build.0 = Release|x86
		{120818C7-5A08-4A99-AB5F-1203B61149F5}.Debug|Any CPU.ActiveCfg = Debug|Any CPU
		{120818C7-5A08-4A99-AB5F-1203B61149F5}.Debug|Any CPU.Build.0 = Debug|Any CPU
		{120818C7-5A08-4A99-AB5F-1203B61149F5}.Debug|ARM.ActiveCfg = Debug|ARM
		{120818C7-5A08-4A99-AB5F-1203B61149F5}.Debug|ARM.Build.0 = Debug|ARM
		{120818C7-5A08-4A99-AB5F-1203B61149F5}.Debug|x86.ActiveCfg = Debug|x86
		{120818C7-5A08-4A99-AB5F-1203B61149F5}.Debug|x86.Build.0 = Debug|x86
		{120818C7-5A08-4A99-AB5F-1203B61149F5}.Release|Any CPU.ActiveCfg = Release|Any CPU
		{120818C7-5A08-4A99-AB5F-1203B61149F5}.Release|Any CPU.Build.0 = Release|Any CPU
		{120818C7-5A08-4A99-AB5F-1203B61149F5}.Release|ARM.ActiveCfg = Release|ARM
		{120818C7-5A08-4A99-AB5F-1203B61149F5}.Release|ARM.Build.0 = Release|ARM
		{120818C7-5A08-4A99-AB5F-1203B61149F5}.Release|x86.ActiveCfg = Release|x86
		{120818C7-5A08-4A99-AB5F-1203B61149F5}.Release|x86.Build.0 = Release|x86
		{7DE6C4A6-451E-4E96-B1E2-1D85DB6DBABC}.Debug|Any CPU.ActiveCfg = Debug|Any CPU
		{7DE6C4A6-451E-4E96-B1E2-1D85DB6DBABC}.Debug|Any CPU.Build.0 = Debug|Any CPU
		{7DE6C4A6-451E-4E96-B1E2-1D85DB6DBABC}.Debug|ARM.ActiveCfg = Debug|ARM
		{7DE6C4A6-451E-4E96-B1E2-1D85DB6DBABC}.Debug|ARM.Build.0 = Debug|ARM
		{7DE6C4A6-451E-4E96-B1E2-1D85DB6DBABC}.Debug|x86.ActiveCfg = Debug|x86
		{7DE6C4A6-451E-4E96-B1E2-1D85DB6DBABC}.Debug|x86.Build.0 = Debug|x86
		{7DE6C4A6-451E-4E96-B1E2-1D85DB6DBABC}.Release|Any CPU.ActiveCfg = Release|Any CPU
		{7DE6C4A6-451E-4E96-B1E2-1D85DB6DBABC}.Release|Any CPU.Build.0 = Release|Any CPU
		{7DE6C4A6-451E-4E96-B1E2-1D85DB6DBABC}.Release|ARM.ActiveCfg = Release|ARM
		{7DE6C4A6-451E-4E96-B1E2-1D85DB6DBABC}.Release|ARM.Build.0 = Release|ARM
		{7DE6C4A6-451E-4E96-B1E2-1D85DB6DBABC}.Release|x86.ActiveCfg = Release|x86
		{7DE6C4A6-451E-4E96-B1E2-1D85DB6DBABC}.Release|x86.Build.0 = Release|x86
		{92E2D1CE-F2A2-4722-ADAD-657BC497D582}.Debug|Any CPU.ActiveCfg = Debug|Any CPU
		{92E2D1CE-F2A2-4722-ADAD-657BC497D582}.Debug|Any CPU.Build.0 = Debug|Any CPU
		{92E2D1CE-F2A2-4722-ADAD-657BC497D582}.Debug|ARM.ActiveCfg = Debug|ARM
		{92E2D1CE-F2A2-4722-ADAD-657BC497D582}.Debug|ARM.Build.0 = Debug|ARM
		{92E2D1CE-F2A2-4722-ADAD-657BC497D582}.Debug|x86.ActiveCfg = Debug|x86
		{92E2D1CE-F2A2-4722-ADAD-657BC497D582}.Debug|x86.Build.0 = Debug|x86
		{92E2D1CE-F2A2-4722-ADAD-657BC497D582}.Release|Any CPU.ActiveCfg = Release|Any CPU
		{92E2D1CE-F2A2-4722-ADAD-657BC497D582}.Release|Any CPU.Build.0 = Release|Any CPU
		{92E2D1CE-F2A2-4722-ADAD-657BC497D582}.Release|ARM.ActiveCfg = Release|ARM
		{92E2D1CE-F2A2-4722-ADAD-657BC497D582}.Release|ARM.Build.0 = Release|ARM
		{92E2D1CE-F2A2-4722-ADAD-657BC497D582}.Release|x86.ActiveCfg = Release|x86
		{92E2D1CE-F2A2-4722-ADAD-657BC497D582}.Release|x86.Build.0 = Release|x86
		{E4960AD4-5909-4418-9583-612EC61B6AD9}.Debug|Any CPU.ActiveCfg = Debug|Any CPU
		{E4960AD4-5909-4418-9583-612EC61B6AD9}.Debug|Any CPU.Build.0 = Debug|Any CPU
		{E4960AD4-5909-4418-9583-612EC61B6AD9}.Debug|ARM.ActiveCfg = Debug|ARM
		{E4960AD4-5909-4418-9583-612EC61B6AD9}.Debug|ARM.Build.0 = Debug|ARM
		{E4960AD4-5909-4418-9583-612EC61B6AD9}.Debug|x86.ActiveCfg = Debug|x86
		{E4960AD4-5909-4418-9583-612EC61B6AD9}.Debug|x86.Build.0 = Debug|x86
		{E4960AD4-5909-4418-9583-612EC61B6AD9}.Release|Any CPU.ActiveCfg = Release|Any CPU
		{E4960AD4-5909-4418-9583-612EC61B6AD9}.Release|Any CPU.Build.0 = Release|Any CPU
		{E4960AD4-5909-4418-9583-612EC61B6AD9}.Release|ARM.ActiveCfg = Release|ARM
		{E4960AD4-5909-4418-9583-612EC61B6AD9}.Release|ARM.Build.0 = Release|ARM
		{E4960AD4-5909-4418-9583-612EC61B6AD9}.Release|x86.ActiveCfg = Release|x86
		{E4960AD4-5909-4418-9583-612EC61B6AD9}.Release|x86.Build.0 = Release|x86
	EndGlobalSection
	GlobalSection(SolutionProperties) = preSolution
		HideSolutionNode = FALSE
	EndGlobalSection
EndGlobal
